
Microsoft Visual Studio Solution File, Format Version 12.00
# Visual Studio Version 17
VisualStudioVersion = 17.2.32602.215
MinimumVisualStudioVersion = 10.0.40219.1
Project("{FAE04EC0-301F-11D3-BF4B-00C04F79EFBC}") = "Student", "Student\Student.csproj", "{4284371B-91FC-4496-9868-D8CB5F3F6015}"
EndProject
Global
	GlobalSection(SolutionConfigurationPlatforms) = preSolution
		Debug|Any CPU = Debug|Any CPU
		Release|Any CPU = Release|Any CPU
	EndGlobalSection
	GlobalSection(ProjectConfigurationPlatforms) = postSolution
		{4284371B-91FC-4496-9868-D8CB5F3F6015}.Debug|Any CPU.ActiveCfg = Debug|Any CPU
		{4284371B-91FC-4496-9868-D8CB5F3F6015}.Debug|Any CPU.Build.0 = Debug|Any CPU
		{4284371B-91FC-4496-9868-D8CB5F3F6015}.Release|Any CPU.ActiveCfg = Release|Any CPU
		{4284371B-91FC-4496-9868-D8CB5F3F6015}.Release|Any CPU.Build.0 = Release|Any CPU
	EndGlobalSection
	GlobalSection(SolutionProperties) = preSolution
		HideSolutionNode = FALSE
	EndGlobalSection
	GlobalSection(ExtensibilityGlobals) = postSolution
		SolutionGuid = {3BF033E5-712A-41A1-9571-0B6D5D4D8F3C}
	EndGlobalSection
EndGlobal
